// !$*UTF8*$!
{
	archiveVersion = 1;
	classes = {
	};
	objectVersion = 50;
	objects = {

/* Begin PBXBuildFile section */
		1976A86C2465AF95006F3C90 /* AppDelegate.swift in Sources */ = {isa = PBXBuildFile; fileRef = 1976A86B2465AF95006F3C90 /* AppDelegate.swift */; };
		1976A86E2465AF95006F3C90 /* SceneDelegate.swift in Sources */ = {isa = PBXBuildFile; fileRef = 1976A86D2465AF95006F3C90 /* SceneDelegate.swift */; };
		1976A8702465AF95006F3C90 /* ViewController.swift in Sources */ = {isa = PBXBuildFile; fileRef = 1976A86F2465AF95006F3C90 /* ViewController.swift */; };
		1976A8732465AF95006F3C90 /* Main.storyboard in Resources */ = {isa = PBXBuildFile; fileRef = 1976A8712465AF95006F3C90 /* Main.storyboard */; };
		1976A8752465AF98006F3C90 /* Assets.xcassets in Resources */ = {isa = PBXBuildFile; fileRef = 1976A8742465AF98006F3C90 /* Assets.xcassets */; };
		1976A8782465AF98006F3C90 /* LaunchScreen.storyboard in Resources */ = {isa = PBXBuildFile; fileRef = 1976A8762465AF98006F3C90 /* LaunchScreen.storyboard */; };
		19FE9156246C470F00048FD8 /* TableViewController.swift in Sources */ = {isa = PBXBuildFile; fileRef = 19FE9155246C470F00048FD8 /* TableViewController.swift */; };
		19FE9158246C588600048FD8 /* File.swift in Sources */ = {isa = PBXBuildFile; fileRef = 19FE9157246C588600048FD8 /* File.swift */; };
/* End PBXBuildFile section */

/* Begin PBXFileReference section */
		1976A8682465AF95006F3C90 /* FinalProjectApp.app */ = {isa = PBXFileReference; explicitFileType = wrapper.application; includeInIndex = 0; path = FinalProjectApp.app; sourceTree = BUILT_PRODUCTS_DIR; };
		1976A86B2465AF95006F3C90 /* AppDelegate.swift */ = {isa = PBXFileReference; lastKnownFileType = sourcecode.swift; path = AppDelegate.swift; sourceTree = "<group>"; };
		1976A86D2465AF95006F3C90 /* SceneDelegate.swift */ = {isa = PBXFileReference; lastKnownFileType = sourcecode.swift; path = SceneDelegate.swift; sourceTree = "<group>"; };
		1976A86F2465AF95006F3C90 /* ViewController.swift */ = {isa = PBXFileReference; lastKnownFileType = sourcecode.swift; path = ViewController.swift; sourceTree = "<group>"; };
		1976A8722465AF95006F3C90 /* Base */ = {isa = PBXFileReference; lastKnownFileType = file.storyboard; name = Base; path = Base.lproj/Main.storyboard; sourceTree = "<group>"; };
		1976A8742465AF98006F3C90 /* Assets.xcassets */ = {isa = PBXFileReference; lastKnownFileType = folder.assetcatalog; path = Assets.xcassets; sourceTree = "<group>"; };
		1976A8772465AF98006F3C90 /* Base */ = {isa = PBXFileReference; lastKnownFileType = file.storyboard; name = Base; path = Base.lproj/LaunchScreen.storyboard; sourceTree = "<group>"; };
		1976A8792465AF98006F3C90 /* Info.plist */ = {isa = PBXFileReference; lastKnownFileType = text.plist.xml; path = Info.plist; sourceTree = "<group>"; };
		19FE9155246C470F00048FD8 /* TableViewController.swift */ = {isa = PBXFileReference; lastKnownFileType = sourcecode.swift; path = TableViewController.swift; sourceTree = "<group>"; };
		19FE9157246C588600048FD8 /* File.swift */ = {isa = PBXFileReference; lastKnownFileType = sourcecode.swift; path = File.swift; sourceTree = "<group>"; };
/* End PBXFileReference section */

/* Begin PBXFrameworksBuildPhase section */
		1976A8652465AF95006F3C90 /* Frameworks */ = {
			isa = PBXFrameworksBuildPhase;
			buildActionMask = 2147483647;
			files = (
			);
			runOnlyForDeploymentPostprocessing = 0;
		};
/* End PBXFrameworksBuildPhase section */

/* Begin PBXGroup section */
		1976A85F2465AF95006F3C90 = {
			isa = PBXGroup;
			children = (
				1976A86A2465AF95006F3C90 /* FinalProjectApp */,
				1976A8692465AF95006F3C90 /* Products */,
			);
			sourceTree = "<group>";
		};
		1976A8692465AF95006F3C90 /* Products */ = {
			isa = PBXGroup;
			children = (
				1976A8682465AF95006F3C90 /* FinalProjectApp.app */,
			);
			name = Products;
			sourceTree = "<group>";
		};
		1976A86A2465AF95006F3C90 /* FinalProjectApp */ = {
			isa = PBXGroup;
			children = (
				1976A86B2465AF95006F3C90 /* AppDelegate.swift */,
				1976A86D2465AF95006F3C90 /* SceneDelegate.swift */,
				19FE9155246C470F00048FD8 /* TableViewController.swift */,
				1976A86F2465AF95006F3C90 /* ViewController.swift */,
				1976A8712465AF95006F3C90 /* Main.storyboard */,
				19FE9157246C588600048FD8 /* File.swift */,
				1976A8742465AF98006F3C90 /* Assets.xcassets */,
				1976A8762465AF98006F3C90 /* LaunchScreen.storyboard */,
				1976A8792465AF98006F3C90 /* Info.plist */,
			);
			path = FinalProjectApp;
			sourceTree = "<group>";
		};
/* End PBXGroup section */

/* Begin PBXNativeTarget section */
		1976A8672465AF95006F3C90 /* FinalProjectApp */ = {
			isa = PBXNativeTarget;
			buildConfigurationList = 1976A87C2465AF98006F3C90 /* Build configuration list for PBXNativeTarget "FinalProjectApp" */;
			buildPhases = (
				1976A8642465AF95006F3C90 /* Sources */,
				1976A8652465AF95006F3C90 /* Frameworks */,
				1976A8662465AF95006F3C90 /* Resources */,
			);
			buildRules = (
			);
			dependencies = (
			);
			name = FinalProjectApp;
			productName = FinalProjectApp;
			productReference = 1976A8682465AF95006F3C90 /* FinalProjectApp.app */;
			productType = "com.apple.product-type.application";
		};
/* End PBXNativeTarget section */

/* Begin PBXProject section */
		1976A8602465AF95006F3C90 /* Project object */ = {
			isa = PBXProject;
			attributes = {
				LastSwiftUpdateCheck = 1140;
				LastUpgradeCheck = 1140;
				ORGANIZATIONNAME = "Ezra Barber";
				TargetAttributes = {
					1976A8672465AF95006F3C90 = {
						CreatedOnToolsVersion = 11.4.1;
					};
				};
			};
			buildConfigurationList = 1976A8632465AF95006F3C90 /* Build configuration list for PBXProject "FinalProjectApp" */;
			compatibilityVersion = "Xcode 9.3";
			developmentRegion = en;
			hasScannedForEncodings = 0;
			knownRegions = (
				en,
				Base,
			);
			mainGroup = 1976A85F2465AF95006F3C90;
			productRefGroup = 1976A8692465AF95006F3C90 /* Products */;
			projectDirPath = "";
			projectRoot = "";
			targets = (
				1976A8672465AF95006F3C90 /* FinalProjectApp */,
			);
		};
/* End PBXProject section */

/* Begin PBXResourcesBuildPhase section */
		1976A8662465AF95006F3C90 /* Resources */ = {
			isa = PBXResourcesBuildPhase;
			buildActionMask = 2147483647;
			files = (
				1976A8782465AF98006F3C90 /* LaunchScreen.storyboard in Resources */,
				1976A8752465AF98006F3C90 /* Assets.xcassets in Resources */,
				1976A8732465AF95006F3C90 /* Main.storyboard in Resources */,
			);
			runOnlyForDeploymentPostprocessing = 0;
		};
/* End PBXResourcesBuildPhase section */

/* Begin PBXSourcesBuildPhase section */
		1976A8642465AF95006F3C90 /* Sources */ = {
			isa = PBXSourcesBuildPhase;
			buildActionMask = 2147483647;
			files = (
				19FE9158246C588600048FD8 /* File.swift in Sources */,
				1976A8702465AF95006F3C90 /* ViewController.swift in Sources */,
				1976A86C2465AF95006F3C90 /* AppDelegate.swift in Sources */,
				1976A86E2465AF95006F3C90 /* SceneDelegate.swift in Sources */,
				19FE9156246C470F00048FD8 /* TableViewController.swift in Sources */,
			);
			runOnlyForDeploymentPostprocessing = 0;
		};
/* End PBXSourcesBuildPhase section */

/* Begin PBXVariantGroup section */
		1976A8712465AF95006F3C90 /* Main.storyboard */ = {
			isa = PBXVariantGroup;
			children = (
				1976A8722465AF95006F3C90 /* Base */,
			);
			name = Main.storyboard;
			sourceTree = "<group>";
		};
		1976A8762465AF98006F3C90 /* LaunchScreen.storyboard */ = {
			isa = PBXVariantGroup;
			children = (
				1976A8772465AF98006F3C90 /* Base */,
			);
			name = LaunchScreen.storyboard;
			sourceTree = "<group>";
		};
/* End PBXVariantGroup section */

/* Begin XCBuildConfiguration section */
		1976A87A2465AF98006F3C90 /* Debug */ = {
			isa = XCBuildConfiguration;
			buildSettings = {
				ALWAYS_SEARCH_USER_PATHS = NO;
				CLANG_ANALYZER_NONNULL = YES;
				CLANG_ANALYZER_NUMBER_OBJECT_CONVERSION = YES_AGGRESSIVE;
				CLANG_CXX_LANGUAGE_STANDARD = "gnu++14";
				CLANG_CXX_LIBRARY = "libc++";
				CLANG_ENABLE_MODULES = YES;
				CLANG_ENABLE_OBJC_ARC = YES;
				CLANG_ENABLE_OBJC_WEAK = YES;
				CLANG_WARN_BLOCK_CAPTURE_AUTORELEASING = YES;
				CLANG_WARN_BOOL_CONVERSION = YES;
				CLANG_WARN_COMMA = YES;
				CLANG_WARN_CONSTANT_CONVERSION = YES;
				CLANG_WARN_DEPRECATED_OBJC_IMPLEMENTATIONS = YES;
				CLANG_WARN_DIRECT_OBJC_ISA_USAGE = YES_ERROR;
				CLANG_WARN_DOCUMENTATION_COMMENTS = YES;
				CLANG_WARN_EMPTY_BODY = YES;
				CLANG_WARN_ENUM_CONVERSION = YES;
				CLANG_WARN_INFINITE_RECURSION = YES;
				CLANG_WARN_INT_CONVERSION = YES;
				CLANG_WARN_NON_LITERAL_NULL_CONVERSION = YES;
				CLANG_WARN_OBJC_IMPLICIT_RETAIN_SELF = YES;
				CLANG_WARN_OBJC_LITERAL_CONVERSION = YES;
				CLANG_WARN_OBJC_ROOT_CLASS = YES_ERROR;
				CLANG_WARN_RANGE_LOOP_ANALYSIS = YES;
				CLANG_WARN_STRICT_PROTOTYPES = YES;
				CLANG_WARN_SUSPICIOUS_MOVE = YES;
				CLANG_WARN_UNGUARDED_AVAILABILITY = YES_AGGRESSIVE;
				CLANG_WARN_UNREACHABLE_CODE = YES;
				CLANG_WARN__DUPLICATE_METHOD_MATCH = YES;
				COPY_PHASE_STRIP = NO;
				DEBUG_INFORMATION_FORMAT = dwarf;
				ENABLE_STRICT_OBJC_MSGSEND = YES;
				ENABLE_TESTABILITY = YES;
				GCC_C_LANGUAGE_STANDARD = gnu11;
				GCC_DYNAMIC_NO_PIC = NO;
				GCC_NO_COMMON_BLOCKS = YES;
				GCC_OPTIMIZATION_LEVEL = 0;
				GCC_PREPROCESSOR_DEFINITIONS = (
					"DEBUG=1",
					"$(inherited)",
				);
				GCC_WARN_64_TO_32_BIT_CONVERSION = YES;
				GCC_WARN_ABOUT_RETURN_TYPE = YES_ERROR;
				GCC_WARN_UNDECLARED_SELECTOR = YES;
				GCC_WARN_UNINITIALIZED_AUTOS = YES_AGGRESSIVE;
				GCC_WARN_UNUSED_FUNCTION = YES;
				GCC_WARN_UNUSED_VARIABLE = YES;
				IPHONEOS_DEPLOYMENT_TARGET = 13.4;
				MTL_ENABLE_DEBUG_INFO = INCLUDE_SOURCE;
				MTL_FAST_MATH = YES;
				ONLY_ACTIVE_ARCH = YES;
				SDKROOT = iphoneos;
				SWIFT_ACTIVE_COMPILATION_CONDITIONS = DEBUG;
				SWIFT_OPTIMIZATION_LEVEL = "-Onone";
			};
			name = Debug;
		};
		1976A87B2465AF98006F3C90 /* Release */ = {
			isa = XCBuildConfiguration;
			buildSettings = {
				ALWAYS_SEARCH_USER_PATHS = NO;
				CLANG_ANALYZER_NONNULL = YES;
				CLANG_ANALYZER_NUMBER_OBJECT_CONVERSION = YES_AGGRESSIVE;
				CLANG_CXX_LANGUAGE_STANDARD = "gnu++14";
				CLANG_CXX_LIBRARY = "libc++";
				CLANG_ENABLE_MODULES = YES;
				CLANG_ENABLE_OBJC_ARC = YES;
				CLANG_ENABLE_OBJC_WEAK = YES;
				CLANG_WARN_BLOCK_CAPTURE_AUTORELEASING = YES;
				CLANG_WARN_BOOL_CONVERSION = YES;
				CLANG_WARN_COMMA = YES;
				CLANG_WARN_CONSTANT_CONVERSION = YES;
				CLANG_WARN_DEPRECATED_OBJC_IMPLEMENTATIONS = YES;
				CLANG_WARN_DIRECT_OBJC_ISA_USAGE = YES_ERROR;
				CLANG_WARN_DOCUMENTATION_COMMENTS = YES;
				CLANG_WARN_EMPTY_BODY = YES;
				CLANG_WARN_ENUM_CONVERSION = YES;
				CLANG_WARN_INFINITE_RECURSION = YES;
				CLANG_WARN_INT_CONVERSION = YES;
				CLANG_WARN_NON_LITERAL_NULL_CONVERSION = YES;
				CLANG_WARN_OBJC_IMPLICIT_RETAIN_SELF = YES;
				CLANG_WARN_OBJC_LITERAL_CONVERSION = YES;
				CLANG_WARN_OBJC_ROOT_CLASS = YES_ERROR;
				CLANG_WARN_RANGE_LOOP_ANALYSIS = YES;
				CLANG_WARN_STRICT_PROTOTYPES = YES;
				CLANG_WARN_SUSPICIOUS_MOVE = YES;
				CLANG_WARN_UNGUARDED_AVAILABILITY = YES_AGGRESSIVE;
				CLANG_WARN_UNREACHABLE_CODE = YES;
				CLANG_WARN__DUPLICATE_METHOD_MATCH = YES;
				COPY_PHASE_STRIP = NO;
				DEBUG_INFORMATION_FORMAT = "dwarf-with-dsym";
				ENABLE_NS_ASSERTIONS = NO;
				ENABLE_STRICT_OBJC_MSGSEND = YES;
				GCC_C_LANGUAGE_STANDARD = gnu11;
				GCC_NO_COMMON_BLOCKS = YES;
				GCC_WARN_64_TO_32_BIT_CONVERSION = YES;
				GCC_WARN_ABOUT_RETURN_TYPE = YES_ERROR;
				GCC_WARN_UNDECLARED_SELECTOR = YES;
				GCC_WARN_UNINITIALIZED_AUTOS = YES_AGGRESSIVE;
				GCC_WARN_UNUSED_FUNCTION = YES;
				GCC_WARN_UNUSED_VARIABLE = YES;
				IPHONEOS_DEPLOYMENT_TARGET = 13.4;
				MTL_ENABLE_DEBUG_INFO = NO;
				MTL_FAST_MATH = YES;
				SDKROOT = iphoneos;
				SWIFT_COMPILATION_MODE = wholemodule;
				SWIFT_OPTIMIZATION_LEVEL = "-O";
				VALIDATE_PRODUCT = YES;
			};
			name = Release;
		};
		1976A87D2465AF98006F3C90 /* Debug */ = {
			isa = XCBuildConfiguration;
			buildSettings = {
				ASSETCATALOG_COMPILER_APPICON_NAME = AppIcon;
				CODE_SIGN_STYLE = Automatic;
				DEVELOPMENT_TEAM = T2J9V7LV8B;
				INFOPLIST_FILE = FinalProjectApp/Info.plist;
				LD_RUNPATH_SEARCH_PATHS = (
					"$(inherited)",
					"@executable_path/Frameworks",
				);
				PRODUCT_BUNDLE_IDENTIFIER = com.helloThere.FinalProjectApp;
				PRODUCT_NAME = "$(TARGET_NAME)";
				SWIFT_VERSION = 5.0;
				TARGETED_DEVICE_FAMILY = "1,2";
			};
			name = Debug;
		};
		1976A87E2465AF98006F3C90 /* Release */ = {
			isa = XCBuildConfiguration;
			buildSettings = {
				ASSETCATALOG_COMPILER_APPICON_NAME = AppIcon;
				CODE_SIGN_STYLE = Automatic;
				DEVELOPMENT_TEAM = T2J9V7LV8B;
				INFOPLIST_FILE = FinalProjectApp/Info.plist;
				LD_RUNPATH_SEARCH_PATHS = (
					"$(inherited)",
					"@executable_path/Frameworks",
				);
				PRODUCT_BUNDLE_IDENTIFIER = com.helloThere.FinalProjectApp;
				PRODUCT_NAME = "$(TARGET_NAME)";
				SWIFT_VERSION = 5.0;
				TARGETED_DEVICE_FAMILY = "1,2";
			};
			name = Release;
		};
/* End XCBuildConfiguration section */

/* Begin XCConfigurationList section */
		1976A8632465AF95006F3C90 /* Build configuration list for PBXProject "FinalProjectApp" */ = {
			isa = XCConfigurationList;
			buildConfigurations = (
				1976A87A2465AF98006F3C90 /* Debug */,
				1976A87B2465AF98006F3C90 /* Release */,
			);
			defaultConfigurationIsVisible = 0;
			defaultConfigurationName = Release;
		};
		1976A87C2465AF98006F3C90 /* Build configuration list for PBXNativeTarget "FinalProjectApp" */ = {
			isa = XCConfigurationList;
			buildConfigurations = (
				1976A87D2465AF98006F3C90 /* Debug */,
				1976A87E2465AF98006F3C90 /* Release */,
			);
			defaultConfigurationIsVisible = 0;
			defaultConfigurationName = Release;
		};
/* End XCConfigurationList section */
	};
	rootObject = 1976A8602465AF95006F3C90 /* Project object */;
}
